
Microsoft Visual Studio Solution File, Format Version 12.00
Project("{FAE04EC0-301F-11D3-BF4B-00C04F79EFBC}") = "PrimeFactor", "PrimeFactor\PrimeFactor.csproj", "{C838AE23-8DCE-474C-8012-3808243E981E}"
EndProject
Project("{FAE04EC0-301F-11D3-BF4B-00C04F79EFBC}") = "ArrayArithmetic", "ArrayArithmetic\ArrayArithmetic.csproj", "{641596C3-77C6-4475-B400-1C1723AF743B}"
EndProject
Project("{FAE04EC0-301F-11D3-BF4B-00C04F79EFBC}") = "SieveOfEratosthenes", "SieveOfEratosthenes\SieveOfEratosthenes.csproj", "{42FDC6E8-7855-4D17-BD0C-E449E6320FF8}"
EndProject
Global
	GlobalSection(SolutionConfigurationPlatforms) = preSolution
		Debug|Any CPU = Debug|Any CPU
		Release|Any CPU = Release|Any CPU
	EndGlobalSection
	GlobalSection(ProjectConfigurationPlatforms) = postSolution
		{C838AE23-8DCE-474C-8012-3808243E981E}.Debug|Any CPU.ActiveCfg = Debug|Any CPU
		{C838AE23-8DCE-474C-8012-3808243E981E}.Debug|Any CPU.Build.0 = Debug|Any CPU
		{C838AE23-8DCE-474C-8012-3808243E981E}.Release|Any CPU.ActiveCfg = Release|Any CPU
		{C838AE23-8DCE-474C-8012-3808243E981E}.Release|Any CPU.Build.0 = Release|Any CPU
		{641596C3-77C6-4475-B400-1C1723AF743B}.Debug|Any CPU.ActiveCfg = Debug|Any CPU
		{641596C3-77C6-4475-B400-1C1723AF743B}.Debug|Any CPU.Build.0 = Debug|Any CPU
		{641596C3-77C6-4475-B400-1C1723AF743B}.Release|Any CPU.ActiveCfg = Release|Any CPU
		{641596C3-77C6-4475-B400-1C1723AF743B}.Release|Any CPU.Build.0 = Release|Any CPU
		{42FDC6E8-7855-4D17-BD0C-E449E6320FF8}.Debug|Any CPU.ActiveCfg = Debug|Any CPU
		{42FDC6E8-7855-4D17-BD0C-E449E6320FF8}.Debug|Any CPU.Build.0 = Debug|Any CPU
		{42FDC6E8-7855-4D17-BD0C-E449E6320FF8}.Release|Any CPU.ActiveCfg = Release|Any CPU
		{42FDC6E8-7855-4D17-BD0C-E449E6320FF8}.Release|Any CPU.Build.0 = Release|Any CPU
	EndGlobalSection
EndGlobal
